
Microsoft Visual Studio Solution File, Format Version 12.00
# Visual Studio Version 17
VisualStudioVersion = 17.7.34031.279
MinimumVisualStudioVersion = 10.0.40219.1
Project("{8BC9CEB8-8B4A-11D0-8D11-00A0C91BC942}") = "Lab_work_4_5", "Lab_work_4_5.vcxproj", "{71A4A7A5-8D77-4836-BD0D-E3D522994F33}"
EndProject
Global
	GlobalSection(SolutionConfigurationPlatforms) = preSolution
		Debug|x64 = Debug|x64
		Debug|x86 = Debug|x86
		Release|x64 = Release|x64
		Release|x86 = Release|x86
	EndGlobalSection
	GlobalSection(ProjectConfigurationPlatforms) = postSolution
		{71A4A7A5-8D77-4836-BD0D-E3D522994F33}.Debug|x64.ActiveCfg = Debug|x64
		{71A4A7A5-8D77-4836-BD0D-E3D522994F33}.Debug|x64.Build.0 = Debug|x64
		{71A4A7A5-8D77-4836-BD0D-E3D522994F33}.Debug|x86.ActiveCfg = Debug|Win32
		{71A4A7A5-8D77-4836-BD0D-E3D522994F33}.Debug|x86.Build.0 = Debug|Win32
		{71A4A7A5-8D77-4836-BD0D-E3D522994F33}.Release|x64.ActiveCfg = Release|x64
		{71A4A7A5-8D77-4836-BD0D-E3D522994F33}.Release|x64.Build.0 = Release|x64
		{71A4A7A5-8D77-4836-BD0D-E3D522994F33}.Release|x86.ActiveCfg = Release|Win32
		{71A4A7A5-8D77-4836-BD0D-E3D522994F33}.Release|x86.Build.0 = Release|Win32
	EndGlobalSection
	GlobalSection(SolutionProperties) = preSolution
		HideSolutionNode = FALSE
	EndGlobalSection
	GlobalSection(ExtensibilityGlobals) = postSolution
		SolutionGuid = {3E32B565-FA48-4583-98DB-31303F0FC935}
	EndGlobalSection
EndGlobal
